
Microsoft Visual Studio Solution File, Format Version 12.00
# Visual Studio Version 16
VisualStudioVersion = 16.0.30503.244
MinimumVisualStudioVersion = 10.0.40219.1
Project("{FAE04EC0-301F-11D3-BF4B-00C04F79EFBC}") = "Workers.Web", "Workers.Web\Workers.Web.csproj", "{12ED72E0-2B7D-4B20-B389-FAFD50BBACE3}"
EndProject
Project("{FAE04EC0-301F-11D3-BF4B-00C04F79EFBC}") = "WorkersInfo", "..\WorkersInfo\WorkersInfo.csproj", "{DAADB91F-F094-40B2-BAF1-DD0A52163D9F}"
EndProject
Global
	GlobalSection(SolutionConfigurationPlatforms) = preSolution
		Debug|Any CPU = Debug|Any CPU
		Release|Any CPU = Release|Any CPU
	EndGlobalSection
	GlobalSection(ProjectConfigurationPlatforms) = postSolution
		{12ED72E0-2B7D-4B20-B389-FAFD50BBACE3}.Debug|Any CPU.ActiveCfg = Debug|Any CPU
		{12ED72E0-2B7D-4B20-B389-FAFD50BBACE3}.Debug|Any CPU.Build.0 = Debug|Any CPU
		{12ED72E0-2B7D-4B20-B389-FAFD50BBACE3}.Release|Any CPU.ActiveCfg = Release|Any CPU
		{12ED72E0-2B7D-4B20-B389-FAFD50BBACE3}.Release|Any CPU.Build.0 = Release|Any CPU
		{DAADB91F-F094-40B2-BAF1-DD0A52163D9F}.Debug|Any CPU.ActiveCfg = Debug|Any CPU
		{DAADB91F-F094-40B2-BAF1-DD0A52163D9F}.Debug|Any CPU.Build.0 = Debug|Any CPU
		{DAADB91F-F094-40B2-BAF1-DD0A52163D9F}.Release|Any CPU.ActiveCfg = Release|Any CPU
		{DAADB91F-F094-40B2-BAF1-DD0A52163D9F}.Release|Any CPU.Build.0 = Release|Any CPU
	EndGlobalSection
	GlobalSection(SolutionProperties) = preSolution
		HideSolutionNode = FALSE
	EndGlobalSection
	GlobalSection(ExtensibilityGlobals) = postSolution
		SolutionGuid = {A1E2A88F-EF08-4977-B979-D9CAAE509694}
	EndGlobalSection
EndGlobal
